{
  "name": "nt_js2_3-node_test",
  "version": "1.0.0",
  "lockfileVersion": 3,
  "requires": true,
  "packages": {
    "": {
      "name": "nt_js2_3-node_test",
      "version": "1.0.0",
      "license": "ISC",
      "dependencies": {
        "@pvlkorobov/ajs": "^1.0.0"
      }
    },
    "node_modules/@pvlkorobov/ajs": {
      "version": "1.0.0",
      "resolved": "https://npm.pkg.github.com/download/@pvlkorobov/ajs/1.0.0/e2039f099589bcbbf5eb96c6b05578e8ddd2ab70",
      "integrity": "sha512-OQdxcsnt9yAzE9v8yWwekX0zeI6e8D/Opvm5WNkG3WkTnd0U84hWDy9l6myXNzmdxykgaPPmOkAtN4WeS4Z9gQ==",
      "license": "ISC"
    }
  }
}
